// !$*UTF8*$!
{
	archiveVersion = 1;
	classes = {
	};
	objectVersion = 51;
	objects = {

/* Begin PBXBuildFile section */
		67052B4219158DBFFB3827E0 /* Pods_MobileUpGallery.framework in Frameworks */ = {isa = PBXBuildFile; fileRef = CDC0E17304D687BCC733DFC6 /* Pods_MobileUpGallery.framework */; };
		7D0A472726B0F35A00B28B6D /* AlbumResponse.swift in Sources */ = {isa = PBXBuildFile; fileRef = 7D0A472626B0F35A00B28B6D /* AlbumResponse.swift */; };
		7D0A472A26B0F3FF00B28B6D /* API.swift in Sources */ = {isa = PBXBuildFile; fileRef = 7D0A472926B0F3FF00B28B6D /* API.swift */; };
		7D0A472E26B126A100B28B6D /* TokenValidationService.swift in Sources */ = {isa = PBXBuildFile; fileRef = 7D0A472D26B126A100B28B6D /* TokenValidationService.swift */; };
		7D92BC7426AF3FC5009A07C3 /* AuthViewController.swift in Sources */ = {isa = PBXBuildFile; fileRef = 7D92BC7226AF3FC5009A07C3 /* AuthViewController.swift */; };
		7D92BC7526AF3FC5009A07C3 /* AuthViewController.xib in Resources */ = {isa = PBXBuildFile; fileRef = 7D92BC7326AF3FC5009A07C3 /* AuthViewController.xib */; };
		7D92BC7C26AF5AC8009A07C3 /* GalleryCollectionViewController.swift in Sources */ = {isa = PBXBuildFile; fileRef = 7D92BC7B26AF5AC8009A07C3 /* GalleryCollectionViewController.swift */; };
		7D92BC8026AF5B64009A07C3 /* GalleryCollectionViewCell.swift in Sources */ = {isa = PBXBuildFile; fileRef = 7D92BC7E26AF5B64009A07C3 /* GalleryCollectionViewCell.swift */; };
		7D92BC8126AF5B64009A07C3 /* GalleryCollectionViewCell.xib in Resources */ = {isa = PBXBuildFile; fileRef = 7D92BC7F26AF5B64009A07C3 /* GalleryCollectionViewCell.xib */; };
		7DDB592226AF3E2000355E3E /* AppDelegate.swift in Sources */ = {isa = PBXBuildFile; fileRef = 7DDB592126AF3E2000355E3E /* AppDelegate.swift */; };
		7DDB592426AF3E2000355E3E /* SceneDelegate.swift in Sources */ = {isa = PBXBuildFile; fileRef = 7DDB592326AF3E2000355E3E /* SceneDelegate.swift */; };
		7DDB592B26AF3E2100355E3E /* Assets.xcassets in Resources */ = {isa = PBXBuildFile; fileRef = 7DDB592A26AF3E2100355E3E /* Assets.xcassets */; };
		7DDB592E26AF3E2100355E3E /* LaunchScreen.storyboard in Resources */ = {isa = PBXBuildFile; fileRef = 7DDB592C26AF3E2100355E3E /* LaunchScreen.storyboard */; };
		7DE25D6526B01E21001436DA /* ImageViewController.swift in Sources */ = {isa = PBXBuildFile; fileRef = 7DE25D6326B01E21001436DA /* ImageViewController.swift */; };
		7DE25D6626B01E21001436DA /* ImageViewController.xib in Resources */ = {isa = PBXBuildFile; fileRef = 7DE25D6426B01E21001436DA /* ImageViewController.xib */; };
		7DE25D6926B0BCC1001436DA /* WebViewController.swift in Sources */ = {isa = PBXBuildFile; fileRef = 7DE25D6826B0BCC1001436DA /* WebViewController.swift */; };
/* End PBXBuildFile section */

/* Begin PBXFileReference section */
		7D0A472626B0F35A00B28B6D /* AlbumResponse.swift */ = {isa = PBXFileReference; lastKnownFileType = sourcecode.swift; path = AlbumResponse.swift; sourceTree = "<group>"; };
		7D0A472926B0F3FF00B28B6D /* API.swift */ = {isa = PBXFileReference; lastKnownFileType = sourcecode.swift; path = API.swift; sourceTree = "<group>"; };
		7D0A472D26B126A100B28B6D /* TokenValidationService.swift */ = {isa = PBXFileReference; lastKnownFileType = sourcecode.swift; path = TokenValidationService.swift; sourceTree = "<group>"; };
		7D92BC7226AF3FC5009A07C3 /* AuthViewController.swift */ = {isa = PBXFileReference; lastKnownFileType = sourcecode.swift; path = AuthViewController.swift; sourceTree = "<group>"; };
		7D92BC7326AF3FC5009A07C3 /* AuthViewController.xib */ = {isa = PBXFileReference; lastKnownFileType = file.xib; path = AuthViewController.xib; sourceTree = "<group>"; };
		7D92BC7B26AF5AC8009A07C3 /* GalleryCollectionViewController.swift */ = {isa = PBXFileReference; lastKnownFileType = sourcecode.swift; path = GalleryCollectionViewController.swift; sourceTree = "<group>"; };
		7D92BC7E26AF5B64009A07C3 /* GalleryCollectionViewCell.swift */ = {isa = PBXFileReference; lastKnownFileType = sourcecode.swift; path = GalleryCollectionViewCell.swift; sourceTree = "<group>"; };
		7D92BC7F26AF5B64009A07C3 /* GalleryCollectionViewCell.xib */ = {isa = PBXFileReference; lastKnownFileType = file.xib; path = GalleryCollectionViewCell.xib; sourceTree = "<group>"; };
		7DDB591E26AF3E2000355E3E /* MobileUpGallery.app */ = {isa = PBXFileReference; explicitFileType = wrapper.application; includeInIndex = 0; path = MobileUpGallery.app; sourceTree = BUILT_PRODUCTS_DIR; };
		7DDB592126AF3E2000355E3E /* AppDelegate.swift */ = {isa = PBXFileReference; lastKnownFileType = sourcecode.swift; path = AppDelegate.swift; sourceTree = "<group>"; };
		7DDB592326AF3E2000355E3E /* SceneDelegate.swift */ = {isa = PBXFileReference; lastKnownFileType = sourcecode.swift; path = SceneDelegate.swift; sourceTree = "<group>"; };
		7DDB592A26AF3E2100355E3E /* Assets.xcassets */ = {isa = PBXFileReference; lastKnownFileType = folder.assetcatalog; path = Assets.xcassets; sourceTree = "<group>"; };
		7DDB592D26AF3E2100355E3E /* Base */ = {isa = PBXFileReference; lastKnownFileType = file.storyboard; name = Base; path = Base.lproj/LaunchScreen.storyboard; sourceTree = "<group>"; };
		7DDB592F26AF3E2100355E3E /* Info.plist */ = {isa = PBXFileReference; lastKnownFileType = text.plist.xml; path = Info.plist; sourceTree = "<group>"; };
		7DE25D6326B01E21001436DA /* ImageViewController.swift */ = {isa = PBXFileReference; lastKnownFileType = sourcecode.swift; path = ImageViewController.swift; sourceTree = "<group>"; };
		7DE25D6426B01E21001436DA /* ImageViewController.xib */ = {isa = PBXFileReference; lastKnownFileType = file.xib; path = ImageViewController.xib; sourceTree = "<group>"; };
		7DE25D6826B0BCC1001436DA /* WebViewController.swift */ = {isa = PBXFileReference; lastKnownFileType = sourcecode.swift; path = WebViewController.swift; sourceTree = "<group>"; };
		99A2BD2A115EF320691A5BE7 /* Pods-MobileUpGallery.debug.xcconfig */ = {isa = PBXFileReference; includeInIndex = 1; lastKnownFileType = text.xcconfig; name = "Pods-MobileUpGallery.debug.xcconfig"; path = "Target Support Files/Pods-MobileUpGallery/Pods-MobileUpGallery.debug.xcconfig"; sourceTree = "<group>"; };
		9AF64C109203B0C69E712346 /* Pods-MobileUpGallery.release.xcconfig */ = {isa = PBXFileReference; includeInIndex = 1; lastKnownFileType = text.xcconfig; name = "Pods-MobileUpGallery.release.xcconfig"; path = "Target Support Files/Pods-MobileUpGallery/Pods-MobileUpGallery.release.xcconfig"; sourceTree = "<group>"; };
		CDC0E17304D687BCC733DFC6 /* Pods_MobileUpGallery.framework */ = {isa = PBXFileReference; explicitFileType = wrapper.framework; includeInIndex = 0; path = Pods_MobileUpGallery.framework; sourceTree = BUILT_PRODUCTS_DIR; };
/* End PBXFileReference section */

/* Begin PBXFrameworksBuildPhase section */
		7DDB591B26AF3E2000355E3E /* Frameworks */ = {
			isa = PBXFrameworksBuildPhase;
			buildActionMask = 2147483647;
			files = (
				67052B4219158DBFFB3827E0 /* Pods_MobileUpGallery.framework in Frameworks */,
			);
			runOnlyForDeploymentPostprocessing = 0;
		};
/* End PBXFrameworksBuildPhase section */

/* Begin PBXGroup section */
		5FA89EAF502855A9D949C7E0 /* Pods */ = {
			isa = PBXGroup;
			children = (
				99A2BD2A115EF320691A5BE7 /* Pods-MobileUpGallery.debug.xcconfig */,
				9AF64C109203B0C69E712346 /* Pods-MobileUpGallery.release.xcconfig */,
			);
			path = Pods;
			sourceTree = "<group>";
		};
		7D0A473026B126B900B28B6D /* Services */ = {
			isa = PBXGroup;
			children = (
				7D0A472926B0F3FF00B28B6D /* API.swift */,
				7D0A472D26B126A100B28B6D /* TokenValidationService.swift */,
			);
			path = Services;
			sourceTree = "<group>";
		};
		7D0A473126B126C700B28B6D /* Controllers */ = {
			isa = PBXGroup;
			children = (
				7D92BC7226AF3FC5009A07C3 /* AuthViewController.swift */,
				7D92BC7326AF3FC5009A07C3 /* AuthViewController.xib */,
				7D92BC7B26AF5AC8009A07C3 /* GalleryCollectionViewController.swift */,
				7DE25D6326B01E21001436DA /* ImageViewController.swift */,
				7DE25D6426B01E21001436DA /* ImageViewController.xib */,
				7DE25D6826B0BCC1001436DA /* WebViewController.swift */,
			);
			path = Controllers;
			sourceTree = "<group>";
		};
		7D0A473226B126E100B28B6D /* Models */ = {
			isa = PBXGroup;
			children = (
				7D0A472626B0F35A00B28B6D /* AlbumResponse.swift */,
			);
			path = Models;
			sourceTree = "<group>";
		};
		7DDB591526AF3E2000355E3E = {
			isa = PBXGroup;
			children = (
				7DDB592026AF3E2000355E3E /* MobileUpGallery */,
				7DDB591F26AF3E2000355E3E /* Products */,
				5FA89EAF502855A9D949C7E0 /* Pods */,
				7F7D1A2F5F56059387C1F8E2 /* Frameworks */,
			);
			sourceTree = "<group>";
		};
		7DDB591F26AF3E2000355E3E /* Products */ = {
			isa = PBXGroup;
			children = (
				7DDB591E26AF3E2000355E3E /* MobileUpGallery.app */,
			);
			name = Products;
			sourceTree = "<group>";
		};
		7DDB592026AF3E2000355E3E /* MobileUpGallery */ = {
			isa = PBXGroup;
			children = (
				7D0A473226B126E100B28B6D /* Models */,
				7D0A473126B126C700B28B6D /* Controllers */,
				7D0A473026B126B900B28B6D /* Services */,
				7DDB592126AF3E2000355E3E /* AppDelegate.swift */,
				7DDB592326AF3E2000355E3E /* SceneDelegate.swift */,
				7DDB592C26AF3E2100355E3E /* LaunchScreen.storyboard */,
				7DDB592F26AF3E2100355E3E /* Info.plist */,
				7D92BC7E26AF5B64009A07C3 /* GalleryCollectionViewCell.swift */,
				7D92BC7F26AF5B64009A07C3 /* GalleryCollectionViewCell.xib */,
				7DDB592A26AF3E2100355E3E /* Assets.xcassets */,
			);
			path = MobileUpGallery;
			sourceTree = "<group>";
		};
		7F7D1A2F5F56059387C1F8E2 /* Frameworks */ = {
			isa = PBXGroup;
			children = (
				CDC0E17304D687BCC733DFC6 /* Pods_MobileUpGallery.framework */,
			);
			name = Frameworks;
			sourceTree = "<group>";
		};
/* End PBXGroup section */

/* Begin PBXNativeTarget section */
		7DDB591D26AF3E2000355E3E /* MobileUpGallery */ = {
			isa = PBXNativeTarget;
			buildConfigurationList = 7DDB593226AF3E2100355E3E /* Build configuration list for PBXNativeTarget "MobileUpGallery" */;
			buildPhases = (
				D192B1FAB80A76A6658174BF /* [CP] Check Pods Manifest.lock */,
				7DDB591A26AF3E2000355E3E /* Sources */,
				7DDB591B26AF3E2000355E3E /* Frameworks */,
				7DDB591C26AF3E2000355E3E /* Resources */,
				1A1E918054D163C67FCC46DB /* [CP] Embed Pods Frameworks */,
				7DCC281726B377910066615A /* ShellScript */,
			);
			buildRules = (
			);
			dependencies = (
			);
			name = MobileUpGallery;
			productName = MobileUpGallery;
			productReference = 7DDB591E26AF3E2000355E3E /* MobileUpGallery.app */;
			productType = "com.apple.product-type.application";
		};
/* End PBXNativeTarget section */

/* Begin PBXProject section */
		7DDB591626AF3E2000355E3E /* Project object */ = {
			isa = PBXProject;
			attributes = {
				LastSwiftUpdateCheck = 1240;
				LastUpgradeCheck = 1240;
				TargetAttributes = {
					7DDB591D26AF3E2000355E3E = {
						CreatedOnToolsVersion = 12.4;
					};
				};
			};
			buildConfigurationList = 7DDB591926AF3E2000355E3E /* Build configuration list for PBXProject "MobileUpGallery" */;
			compatibilityVersion = "Xcode 9.3";
			developmentRegion = en;
			hasScannedForEncodings = 0;
			knownRegions = (
				en,
				Base,
			);
			mainGroup = 7DDB591526AF3E2000355E3E;
			productRefGroup = 7DDB591F26AF3E2000355E3E /* Products */;
			projectDirPath = "";
			projectRoot = "";
			targets = (
				7DDB591D26AF3E2000355E3E /* MobileUpGallery */,
			);
		};
/* End PBXProject section */

/* Begin PBXResourcesBuildPhase section */
		7DDB591C26AF3E2000355E3E /* Resources */ = {
			isa = PBXResourcesBuildPhase;
			buildActionMask = 2147483647;
			files = (
				7DE25D6626B01E21001436DA /* ImageViewController.xib in Resources */,
				7DDB592E26AF3E2100355E3E /* LaunchScreen.storyboard in Resources */,
				7D92BC8126AF5B64009A07C3 /* GalleryCollectionViewCell.xib in Resources */,
				7D92BC7526AF3FC5009A07C3 /* AuthViewController.xib in Resources */,
				7DDB592B26AF3E2100355E3E /* Assets.xcassets in Resources */,
			);
			runOnlyForDeploymentPostprocessing = 0;
		};
/* End PBXResourcesBuildPhase section */

/* Begin PBXShellScriptBuildPhase section */
		1A1E918054D163C67FCC46DB /* [CP] Embed Pods Frameworks */ = {
			isa = PBXShellScriptBuildPhase;
			buildActionMask = 2147483647;
			files = (
			);
			inputFileListPaths = (
				"${PODS_ROOT}/Target Support Files/Pods-MobileUpGallery/Pods-MobileUpGallery-frameworks-${CONFIGURATION}-input-files.xcfilelist",
			);
			name = "[CP] Embed Pods Frameworks";
			outputFileListPaths = (
				"${PODS_ROOT}/Target Support Files/Pods-MobileUpGallery/Pods-MobileUpGallery-frameworks-${CONFIGURATION}-output-files.xcfilelist",
			);
			runOnlyForDeploymentPostprocessing = 0;
			shellPath = /bin/sh;
			shellScript = "\"${PODS_ROOT}/Target Support Files/Pods-MobileUpGallery/Pods-MobileUpGallery-frameworks.sh\"\n";
			showEnvVarsInLog = 0;
		};
		7DCC281726B377910066615A /* ShellScript */ = {
			isa = PBXShellScriptBuildPhase;
			buildActionMask = 2147483647;
			files = (
			);
			inputFileListPaths = (
			);
			inputPaths = (
			);
			outputFileListPaths = (
			);
			outputPaths = (
			);
			runOnlyForDeploymentPostprocessing = 0;
			shellPath = /bin/sh;
			shellScript = "# Type a script or drag a script file from your workspace to insert its path.\nif which swiftlint >/dev/null; then\n  swiftlint\nelse\n  echo \"warning: SwiftLint not installed, download from https://github.com/realm/SwiftLint\"\nfi\n";
		};
		D192B1FAB80A76A6658174BF /* [CP] Check Pods Manifest.lock */ = {
			isa = PBXShellScriptBuildPhase;
			buildActionMask = 2147483647;
			files = (
			);
			inputFileListPaths = (
			);
			inputPaths = (
				"${PODS_PODFILE_DIR_PATH}/Podfile.lock",
				"${PODS_ROOT}/Manifest.lock",
			);
			name = "[CP] Check Pods Manifest.lock";
			outputFileListPaths = (
			);
			outputPaths = (
				"$(DERIVED_FILE_DIR)/Pods-MobileUpGallery-checkManifestLockResult.txt",
			);
			runOnlyForDeploymentPostprocessing = 0;
			shellPath = /bin/sh;
			shellScript = "diff \"${PODS_PODFILE_DIR_PATH}/Podfile.lock\" \"${PODS_ROOT}/Manifest.lock\" > /dev/null\nif [ $? != 0 ] ; then\n    # print error to STDERR\n    echo \"error: The sandbox is not in sync with the Podfile.lock. Run 'pod install' or update your CocoaPods installation.\" >&2\n    exit 1\nfi\n# This output is used by Xcode 'outputs' to avoid re-running this script phase.\necho \"SUCCESS\" > \"${SCRIPT_OUTPUT_FILE_0}\"\n";
			showEnvVarsInLog = 0;
		};
/* End PBXShellScriptBuildPhase section */

/* Begin PBXSourcesBuildPhase section */
		7DDB591A26AF3E2000355E3E /* Sources */ = {
			isa = PBXSourcesBuildPhase;
			buildActionMask = 2147483647;
			files = (
				7DDB592226AF3E2000355E3E /* AppDelegate.swift in Sources */,
				7D92BC8026AF5B64009A07C3 /* GalleryCollectionViewCell.swift in Sources */,
				7D0A472E26B126A100B28B6D /* TokenValidationService.swift in Sources */,
				7D92BC7426AF3FC5009A07C3 /* AuthViewController.swift in Sources */,
				7DDB592426AF3E2000355E3E /* SceneDelegate.swift in Sources */,
				7DE25D6926B0BCC1001436DA /* WebViewController.swift in Sources */,
				7DE25D6526B01E21001436DA /* ImageViewController.swift in Sources */,
				7D0A472726B0F35A00B28B6D /* AlbumResponse.swift in Sources */,
				7D0A472A26B0F3FF00B28B6D /* API.swift in Sources */,
				7D92BC7C26AF5AC8009A07C3 /* GalleryCollectionViewController.swift in Sources */,
			);
			runOnlyForDeploymentPostprocessing = 0;
		};
/* End PBXSourcesBuildPhase section */

/* Begin PBXVariantGroup section */
		7DDB592C26AF3E2100355E3E /* LaunchScreen.storyboard */ = {
			isa = PBXVariantGroup;
			children = (
				7DDB592D26AF3E2100355E3E /* Base */,
			);
			name = LaunchScreen.storyboard;
			sourceTree = "<group>";
		};
/* End PBXVariantGroup section */

/* Begin XCBuildConfiguration section */
		7DDB593026AF3E2100355E3E /* Debug */ = {
			isa = XCBuildConfiguration;
			buildSettings = {
				ALWAYS_SEARCH_USER_PATHS = NO;
				CLANG_ANALYZER_NONNULL = YES;
				CLANG_ANALYZER_NUMBER_OBJECT_CONVERSION = YES_AGGRESSIVE;
				CLANG_CXX_LANGUAGE_STANDARD = "gnu++14";
				CLANG_CXX_LIBRARY = "libc++";
				CLANG_ENABLE_MODULES = YES;
				CLANG_ENABLE_OBJC_ARC = YES;
				CLANG_ENABLE_OBJC_WEAK = YES;
				CLANG_WARN_BLOCK_CAPTURE_AUTORELEASING = YES;
				CLANG_WARN_BOOL_CONVERSION = YES;
				CLANG_WARN_COMMA = YES;
				CLANG_WARN_CONSTANT_CONVERSION = YES;
				CLANG_WARN_DEPRECATED_OBJC_IMPLEMENTATIONS = YES;
				CLANG_WARN_DIRECT_OBJC_ISA_USAGE = YES_ERROR;
				CLANG_WARN_DOCUMENTATION_COMMENTS = YES;
				CLANG_WARN_EMPTY_BODY = YES;
				CLANG_WARN_ENUM_CONVERSION = YES;
				CLANG_WARN_INFINITE_RECURSION = YES;
				CLANG_WARN_INT_CONVERSION = YES;
				CLANG_WARN_NON_LITERAL_NULL_CONVERSION = YES;
				CLANG_WARN_OBJC_IMPLICIT_RETAIN_SELF = YES;
				CLANG_WARN_OBJC_LITERAL_CONVERSION = YES;
				CLANG_WARN_OBJC_ROOT_CLASS = YES_ERROR;
				CLANG_WARN_QUOTED_INCLUDE_IN_FRAMEWORK_HEADER = YES;
				CLANG_WARN_RANGE_LOOP_ANALYSIS = YES;
				CLANG_WARN_STRICT_PROTOTYPES = YES;
				CLANG_WARN_SUSPICIOUS_MOVE = YES;
				CLANG_WARN_UNGUARDED_AVAILABILITY = YES_AGGRESSIVE;
				CLANG_WARN_UNREACHABLE_CODE = YES;
				CLANG_WARN__DUPLICATE_METHOD_MATCH = YES;
				COPY_PHASE_STRIP = NO;
				DEBUG_INFORMATION_FORMAT = dwarf;
				ENABLE_STRICT_OBJC_MSGSEND = YES;
				ENABLE_TESTABILITY = YES;
				GCC_C_LANGUAGE_STANDARD = gnu11;
				GCC_DYNAMIC_NO_PIC = NO;
				GCC_NO_COMMON_BLOCKS = YES;
				GCC_OPTIMIZATION_LEVEL = 0;
				GCC_PREPROCESSOR_DEFINITIONS = (
					"DEBUG=1",
					"$(inherited)",
				);
				GCC_WARN_64_TO_32_BIT_CONVERSION = YES;
				GCC_WARN_ABOUT_RETURN_TYPE = YES_ERROR;
				GCC_WARN_UNDECLARED_SELECTOR = YES;
				GCC_WARN_UNINITIALIZED_AUTOS = YES_AGGRESSIVE;
				GCC_WARN_UNUSED_FUNCTION = YES;
				GCC_WARN_UNUSED_VARIABLE = YES;
				IPHONEOS_DEPLOYMENT_TARGET = 14.4;
				MTL_ENABLE_DEBUG_INFO = INCLUDE_SOURCE;
				MTL_FAST_MATH = YES;
				ONLY_ACTIVE_ARCH = YES;
				SDKROOT = iphoneos;
				SWIFT_ACTIVE_COMPILATION_CONDITIONS = DEBUG;
				SWIFT_OPTIMIZATION_LEVEL = "-Onone";
			};
			name = Debug;
		};
		7DDB593126AF3E2100355E3E /* Release */ = {
			isa = XCBuildConfiguration;
			buildSettings = {
				ALWAYS_SEARCH_USER_PATHS = NO;
				CLANG_ANALYZER_NONNULL = YES;
				CLANG_ANALYZER_NUMBER_OBJECT_CONVERSION = YES_AGGRESSIVE;
				CLANG_CXX_LANGUAGE_STANDARD = "gnu++14";
				CLANG_CXX_LIBRARY = "libc++";
				CLANG_ENABLE_MODULES = YES;
				CLANG_ENABLE_OBJC_ARC = YES;
				CLANG_ENABLE_OBJC_WEAK = YES;
				CLANG_WARN_BLOCK_CAPTURE_AUTORELEASING = YES;
				CLANG_WARN_BOOL_CONVERSION = YES;
				CLANG_WARN_COMMA = YES;
				CLANG_WARN_CONSTANT_CONVERSION = YES;
				CLANG_WARN_DEPRECATED_OBJC_IMPLEMENTATIONS = YES;
				CLANG_WARN_DIRECT_OBJC_ISA_USAGE = YES_ERROR;
				CLANG_WARN_DOCUMENTATION_COMMENTS = YES;
				CLANG_WARN_EMPTY_BODY = YES;
				CLANG_WARN_ENUM_CONVERSION = YES;
				CLANG_WARN_INFINITE_RECURSION = YES;
				CLANG_WARN_INT_CONVERSION = YES;
				CLANG_WARN_NON_LITERAL_NULL_CONVERSION = YES;
				CLANG_WARN_OBJC_IMPLICIT_RETAIN_SELF = YES;
				CLANG_WARN_OBJC_LITERAL_CONVERSION = YES;
				CLANG_WARN_OBJC_ROOT_CLASS = YES_ERROR;
				CLANG_WARN_QUOTED_INCLUDE_IN_FRAMEWORK_HEADER = YES;
				CLANG_WARN_RANGE_LOOP_ANALYSIS = YES;
				CLANG_WARN_STRICT_PROTOTYPES = YES;
				CLANG_WARN_SUSPICIOUS_MOVE = YES;
				CLANG_WARN_UNGUARDED_AVAILABILITY = YES_AGGRESSIVE;
				CLANG_WARN_UNREACHABLE_CODE = YES;
				CLANG_WARN__DUPLICATE_METHOD_MATCH = YES;
				COPY_PHASE_STRIP = NO;
				DEBUG_INFORMATION_FORMAT = "dwarf-with-dsym";
				ENABLE_NS_ASSERTIONS = NO;
				ENABLE_STRICT_OBJC_MSGSEND = YES;
				GCC_C_LANGUAGE_STANDARD = gnu11;
				GCC_NO_COMMON_BLOCKS = YES;
				GCC_WARN_64_TO_32_BIT_CONVERSION = YES;
				GCC_WARN_ABOUT_RETURN_TYPE = YES_ERROR;
				GCC_WARN_UNDECLARED_SELECTOR = YES;
				GCC_WARN_UNINITIALIZED_AUTOS = YES_AGGRESSIVE;
				GCC_WARN_UNUSED_FUNCTION = YES;
				GCC_WARN_UNUSED_VARIABLE = YES;
				IPHONEOS_DEPLOYMENT_TARGET = 14.4;
				MTL_ENABLE_DEBUG_INFO = NO;
				MTL_FAST_MATH = YES;
				SDKROOT = iphoneos;
				SWIFT_COMPILATION_MODE = wholemodule;
				SWIFT_OPTIMIZATION_LEVEL = "-O";
				VALIDATE_PRODUCT = YES;
			};
			name = Release;
		};
		7DDB593326AF3E2100355E3E /* Debug */ = {
			isa = XCBuildConfiguration;
			baseConfigurationReference = 99A2BD2A115EF320691A5BE7 /* Pods-MobileUpGallery.debug.xcconfig */;
			buildSettings = {
				ASSETCATALOG_COMPILER_APPICON_NAME = AppIcon;
				ASSETCATALOG_COMPILER_GLOBAL_ACCENT_COLOR_NAME = AccentColor;
				CODE_SIGN_STYLE = Automatic;
				DEVELOPMENT_TEAM = 2R782SXW3H;
				INFOPLIST_FILE = MobileUpGallery/Info.plist;
				IPHONEOS_DEPLOYMENT_TARGET = 13.0;
				LD_RUNPATH_SEARCH_PATHS = (
					"$(inherited)",
					"@executable_path/Frameworks",
				);
				PRODUCT_BUNDLE_IDENTIFIER = Erkhaan.MobileUpGallery;
				PRODUCT_NAME = "$(TARGET_NAME)";
				SWIFT_VERSION = 5.0;
				TARGETED_DEVICE_FAMILY = 1;
			};
			name = Debug;
		};
		7DDB593426AF3E2100355E3E /* Release */ = {
			isa = XCBuildConfiguration;
			baseConfigurationReference = 9AF64C109203B0C69E712346 /* Pods-MobileUpGallery.release.xcconfig */;
			buildSettings = {
				ASSETCATALOG_COMPILER_APPICON_NAME = AppIcon;
				ASSETCATALOG_COMPILER_GLOBAL_ACCENT_COLOR_NAME = AccentColor;
				CODE_SIGN_STYLE = Automatic;
				DEVELOPMENT_TEAM = 2R782SXW3H;
				INFOPLIST_FILE = MobileUpGallery/Info.plist;
				IPHONEOS_DEPLOYMENT_TARGET = 13.0;
				LD_RUNPATH_SEARCH_PATHS = (
					"$(inherited)",
					"@executable_path/Frameworks",
				);
				PRODUCT_BUNDLE_IDENTIFIER = Erkhaan.MobileUpGallery;
				PRODUCT_NAME = "$(TARGET_NAME)";
				SWIFT_VERSION = 5.0;
				TARGETED_DEVICE_FAMILY = 1;
			};
			name = Release;
		};
/* End XCBuildConfiguration section */

/* Begin XCConfigurationList section */
		7DDB591926AF3E2000355E3E /* Build configuration list for PBXProject "MobileUpGallery" */ = {
			isa = XCConfigurationList;
			buildConfigurations = (
				7DDB593026AF3E2100355E3E /* Debug */,
				7DDB593126AF3E2100355E3E /* Release */,
			);
			defaultConfigurationIsVisible = 0;
			defaultConfigurationName = Release;
		};
		7DDB593226AF3E2100355E3E /* Build configuration list for PBXNativeTarget "MobileUpGallery" */ = {
			isa = XCConfigurationList;
			buildConfigurations = (
				7DDB593326AF3E2100355E3E /* Debug */,
				7DDB593426AF3E2100355E3E /* Release */,
			);
			defaultConfigurationIsVisible = 0;
			defaultConfigurationName = Release;
		};
/* End XCConfigurationList section */
	};
	rootObject = 7DDB591626AF3E2000355E3E /* Project object */;
}
